<?xml version="1.0" encoding="utf-8"?>
<Project ToolsVersion="4.0" xmlns="http://schemas.microsoft.com/developer/msbuild/2003">
  <ItemGroup>
    <Filter Include="Source">
      <UniqueIdentifier>{6bbd8984-6a06-43be-a5aa-8756d4140b61}</UniqueIdentifier>
    </Filter>
    <Filter Include="Headers">
      <UniqueIdentifier>{4e4c9af8-c804-4f04-9805-2874343be5db}</UniqueIdentifier>
    </Filter>
    <Filter Include="CUDA">
      <UniqueIdentifier>{2270885f-3baf-459d-b2d5-bd85fa3895fa}</UniqueIdentifier>
    </Filter>
    <Filter Include="CUDA\Headers">
      <UniqueIdentifier>{426559ed-64d0-4ff2-ad9c-8833d296c0f5}</UniqueIdentifier>
    </Filter>
  </ItemGroup>
  <ItemGroup>
    <ClCompile Include="src\RPBarnesHutApproximator.cpp">
      <Filter>Source</Filter>
    </ClCompile>
    <ClCompile Include="src\RPCommon.cpp">
      <Filter>Source</Filter>
    </ClCompile>
    <ClCompile Include="src\RPCPUForceAtlas2.cpp">
      <Filter>Source</Filter>
    </ClCompile>
    <ClCompile Include="src\RPForceAtlas2.cpp">
      <Filter>Source</Filter>
    </ClCompile>
    <ClCompile Include="src\RPGraphLayout.cpp">
      <Filter>Source</Filter>
    </ClCompile>
    <ClCompile Include="src\RPLayoutAlgorithm.cpp">
      <Filter>Source</Filter>
    </ClCompile>
    <ClCompile Include="src\RPGraph.cpp">
      <Filter>Source</Filter>
    </ClCompile>
    <ClCompile Include="lib\pngwriter\src\pngwriter.cc">
      <Filter>Source</Filter>
    </ClCompile>
  </ItemGroup>
  <ItemGroup>
    <ClInclude Include="src\RPBarnesHutApproximator.hpp">
      <Filter>Headers</Filter>
    </ClInclude>
    <ClInclude Include="src\RPCommon.hpp">
      <Filter>Headers</Filter>
    </ClInclude>
    <ClInclude Include="src\RPCPUForceAtlas2.hpp">
      <Filter>Headers</Filter>
    </ClInclude>
    <ClInclude Include="src\RPForceAtlas2.hpp">
      <Filter>Headers</Filter>
    </ClInclude>
    <ClInclude Include="src\RPGPUForceAtlas2.hpp">
      <Filter>Headers</Filter>
    </ClInclude>
    <ClInclude Include="src\RPGraphLayout.hpp">
      <Filter>Headers</Filter>
    </ClInclude>
    <ClInclude Include="src\RPLayoutAlgorithm.hpp">
      <Filter>Headers</Filter>
    </ClInclude>
    <ClInclude Include="src\RPGraph.hpp">
      <Filter>Headers</Filter>
    </ClInclude>
    <ClInclude Include="src\RPBHKernels.cuh">
      <Filter>CUDA\Headers</Filter>
    </ClInclude>
    <ClInclude Include="src\RPFA2Kernels.cuh">
      <Filter>CUDA\Headers</Filter>
    </ClInclude>
    <ClInclude Include="src\RPBHFA2LaunchParameters.cuh">
      <Filter>CUDA\Headers</Filter>
    </ClInclude>
  </ItemGroup>
  <ItemGroup>
    <CudaCompile Include="src\RPBHKernels.cu">
      <Filter>CUDA</Filter>
    </CudaCompile>
    <CudaCompile Include="src\RPFA2Kernels.cu">
      <Filter>CUDA</Filter>
    </CudaCompile>
    <CudaCompile Include="src\RPGPUForceAtlas2.cu">
      <Filter>CUDA</Filter>
    </CudaCompile>
    <CudaCompile Include="src\graph_viewer.cpp">
      <Filter>Source</Filter>
    </CudaCompile>
  </ItemGroup>
</Project>